
Microsoft Visual Studio Solution File, Format Version 12.00
# Visual Studio 15
VisualStudioVersion = 15.0.28307.329
MinimumVisualStudioVersion = 10.0.40219.1
Project("{9A19103F-16F7-4668-BE54-9A1E7A4F7556}") = "Tap.Plugins.BasicSteps", "BasicSteps\Tap.Plugins.BasicSteps.csproj", "{57145555-3F78-44C3-BA7F-B5EDAA2B573C}"
EndProject
Project("{9A19103F-16F7-4668-BE54-9A1E7A4F7556}") = "Tap.Cli", "Cli\Tap.Cli.csproj", "{1EB4D48C-5719-483D-82DE-017F6B1634E6}"
EndProject
Project("{9A19103F-16F7-4668-BE54-9A1E7A4F7556}") = "Tap.Engine", "Engine\Tap.Engine.csproj", "{1856EE05-7D06-4805-A9D6-1DAD2DD3034E}"
EndProject
Project("{9A19103F-16F7-4668-BE54-9A1E7A4F7556}") = "Tap.Engine.UnitTests", "Engine.UnitTests\Tap.Engine.UnitTests.csproj", "{4FC25C4A-F7ED-4329-B1FD-624E67DA09AA}"
EndProject
Project("{D954291E-2A0B-460D-934E-DC6B0785DB48}") = "Tap.Shared", "Shared\Tap.Shared.shproj", "{11C58BD2-45E5-4A19-AE43-073B689FDB43}"
EndProject
Project("{9A19103F-16F7-4668-BE54-9A1E7A4F7556}") = "tap", "tap\tap.csproj", "{C2C29219-4ED1-4197-85BB-BBD96286686F}"
EndProject
Project("{9A19103F-16F7-4668-BE54-9A1E7A4F7556}") = "Tap.Package", "Package\Tap.Package.csproj", "{49CE749E-05A9-4541-9A74-0540B4712454}"
EndProject
Project("{FAE04EC0-301F-11D3-BF4B-00C04F79EFBC}") = "Tap.Package.UnitTests", "Package.UnitTests\Tap.Package.UnitTests.csproj", "{0875C7B8-47A5-4CF5-A6CA-8B2367D87799}"
EndProject
Global
	GlobalSection(SharedMSBuildProjectFiles) = preSolution
		Shared\Tap.Shared.projitems*{11c58bd2-45e5-4a19-ae43-073b689fdb43}*SharedItemsImports = 13
	EndGlobalSection
	GlobalSection(SolutionConfigurationPlatforms) = preSolution
		Debug|Any CPU = Debug|Any CPU
		Debug|x64 = Debug|x64
		Debug|x86 = Debug|x86
		NetCore|Any CPU = NetCore|Any CPU
		NetCore|x64 = NetCore|x64
		NetCore|x86 = NetCore|x86
		Release|Any CPU = Release|Any CPU
		Release|x64 = Release|x64
		Release|x86 = Release|x86
	EndGlobalSection
	GlobalSection(ProjectConfigurationPlatforms) = postSolution
		{57145555-3F78-44C3-BA7F-B5EDAA2B573C}.Debug|Any CPU.ActiveCfg = Debug|Any CPU
		{57145555-3F78-44C3-BA7F-B5EDAA2B573C}.Debug|Any CPU.Build.0 = Debug|Any CPU
		{57145555-3F78-44C3-BA7F-B5EDAA2B573C}.Debug|x64.ActiveCfg = Debug|Any CPU
		{57145555-3F78-44C3-BA7F-B5EDAA2B573C}.Debug|x64.Build.0 = Debug|Any CPU
		{57145555-3F78-44C3-BA7F-B5EDAA2B573C}.Debug|x86.ActiveCfg = Debug|Any CPU
		{57145555-3F78-44C3-BA7F-B5EDAA2B573C}.Debug|x86.Build.0 = Debug|Any CPU
		{57145555-3F78-44C3-BA7F-B5EDAA2B573C}.NetCore|Any CPU.ActiveCfg = NetCore|Any CPU
		{57145555-3F78-44C3-BA7F-B5EDAA2B573C}.NetCore|Any CPU.Build.0 = NetCore|Any CPU
		{57145555-3F78-44C3-BA7F-B5EDAA2B573C}.NetCore|x64.ActiveCfg = NetCore|Any CPU
		{57145555-3F78-44C3-BA7F-B5EDAA2B573C}.NetCore|x64.Build.0 = NetCore|Any CPU
		{57145555-3F78-44C3-BA7F-B5EDAA2B573C}.NetCore|x86.ActiveCfg = NetCore|Any CPU
		{57145555-3F78-44C3-BA7F-B5EDAA2B573C}.NetCore|x86.Build.0 = NetCore|Any CPU
		{57145555-3F78-44C3-BA7F-B5EDAA2B573C}.Release|Any CPU.ActiveCfg = Release|Any CPU
		{57145555-3F78-44C3-BA7F-B5EDAA2B573C}.Release|Any CPU.Build.0 = Release|Any CPU
		{57145555-3F78-44C3-BA7F-B5EDAA2B573C}.Release|x64.ActiveCfg = Release|Any CPU
		{57145555-3F78-44C3-BA7F-B5EDAA2B573C}.Release|x64.Build.0 = Release|Any CPU
		{57145555-3F78-44C3-BA7F-B5EDAA2B573C}.Release|x86.ActiveCfg = Release|Any CPU
		{57145555-3F78-44C3-BA7F-B5EDAA2B573C}.Release|x86.Build.0 = Release|Any CPU
		{1EB4D48C-5719-483D-82DE-017F6B1634E6}.Debug|Any CPU.ActiveCfg = Debug|Any CPU
		{1EB4D48C-5719-483D-82DE-017F6B1634E6}.Debug|Any CPU.Build.0 = Debug|Any CPU
		{1EB4D48C-5719-483D-82DE-017F6B1634E6}.Debug|x64.ActiveCfg = Debug|Any CPU
		{1EB4D48C-5719-483D-82DE-017F6B1634E6}.Debug|x64.Build.0 = Debug|Any CPU
		{1EB4D48C-5719-483D-82DE-017F6B1634E6}.Debug|x86.ActiveCfg = Debug|Any CPU
		{1EB4D48C-5719-483D-82DE-017F6B1634E6}.Debug|x86.Build.0 = Debug|Any CPU
		{1EB4D48C-5719-483D-82DE-017F6B1634E6}.NetCore|Any CPU.ActiveCfg = NetCore|Any CPU
		{1EB4D48C-5719-483D-82DE-017F6B1634E6}.NetCore|Any CPU.Build.0 = NetCore|Any CPU
		{1EB4D48C-5719-483D-82DE-017F6B1634E6}.NetCore|x64.ActiveCfg = NetCore|Any CPU
		{1EB4D48C-5719-483D-82DE-017F6B1634E6}.NetCore|x64.Build.0 = NetCore|Any CPU
		{1EB4D48C-5719-483D-82DE-017F6B1634E6}.NetCore|x86.ActiveCfg = NetCore|Any CPU
		{1EB4D48C-5719-483D-82DE-017F6B1634E6}.NetCore|x86.Build.0 = NetCore|Any CPU
		{1EB4D48C-5719-483D-82DE-017F6B1634E6}.Release|Any CPU.ActiveCfg = Release|Any CPU
		{1EB4D48C-5719-483D-82DE-017F6B1634E6}.Release|Any CPU.Build.0 = Release|Any CPU
		{1EB4D48C-5719-483D-82DE-017F6B1634E6}.Release|x64.ActiveCfg = Release|Any CPU
		{1EB4D48C-5719-483D-82DE-017F6B1634E6}.Release|x64.Build.0 = Release|Any CPU
		{1EB4D48C-5719-483D-82DE-017F6B1634E6}.Release|x86.ActiveCfg = Release|Any CPU
		{1EB4D48C-5719-483D-82DE-017F6B1634E6}.Release|x86.Build.0 = Release|Any CPU
		{1856EE05-7D06-4805-A9D6-1DAD2DD3034E}.Debug|Any CPU.ActiveCfg = Debug|Any CPU
		{1856EE05-7D06-4805-A9D6-1DAD2DD3034E}.Debug|Any CPU.Build.0 = Debug|Any CPU
		{1856EE05-7D06-4805-A9D6-1DAD2DD3034E}.Debug|x64.ActiveCfg = Debug|Any CPU
		{1856EE05-7D06-4805-A9D6-1DAD2DD3034E}.Debug|x64.Build.0 = Debug|Any CPU
		{1856EE05-7D06-4805-A9D6-1DAD2DD3034E}.Debug|x86.ActiveCfg = Debug|Any CPU
		{1856EE05-7D06-4805-A9D6-1DAD2DD3034E}.Debug|x86.Build.0 = Debug|Any CPU
		{1856EE05-7D06-4805-A9D6-1DAD2DD3034E}.NetCore|Any CPU.ActiveCfg = NetCore|Any CPU
		{1856EE05-7D06-4805-A9D6-1DAD2DD3034E}.NetCore|Any CPU.Build.0 = NetCore|Any CPU
		{1856EE05-7D06-4805-A9D6-1DAD2DD3034E}.NetCore|x64.ActiveCfg = NetCore|Any CPU
		{1856EE05-7D06-4805-A9D6-1DAD2DD3034E}.NetCore|x64.Build.0 = NetCore|Any CPU
		{1856EE05-7D06-4805-A9D6-1DAD2DD3034E}.NetCore|x86.ActiveCfg = NetCore|Any CPU
		{1856EE05-7D06-4805-A9D6-1DAD2DD3034E}.NetCore|x86.Build.0 = NetCore|Any CPU
		{1856EE05-7D06-4805-A9D6-1DAD2DD3034E}.Release|Any CPU.ActiveCfg = Release|Any CPU
		{1856EE05-7D06-4805-A9D6-1DAD2DD3034E}.Release|Any CPU.Build.0 = Release|Any CPU
		{1856EE05-7D06-4805-A9D6-1DAD2DD3034E}.Release|x64.ActiveCfg = Release|Any CPU
		{1856EE05-7D06-4805-A9D6-1DAD2DD3034E}.Release|x64.Build.0 = Release|Any CPU
		{1856EE05-7D06-4805-A9D6-1DAD2DD3034E}.Release|x86.ActiveCfg = Release|Any CPU
		{1856EE05-7D06-4805-A9D6-1DAD2DD3034E}.Release|x86.Build.0 = Release|Any CPU
		{4FC25C4A-F7ED-4329-B1FD-624E67DA09AA}.Debug|Any CPU.ActiveCfg = Debug|Any CPU
		{4FC25C4A-F7ED-4329-B1FD-624E67DA09AA}.Debug|Any CPU.Build.0 = Debug|Any CPU
		{4FC25C4A-F7ED-4329-B1FD-624E67DA09AA}.Debug|x64.ActiveCfg = Debug|Any CPU
		{4FC25C4A-F7ED-4329-B1FD-624E67DA09AA}.Debug|x64.Build.0 = Debug|Any CPU
		{4FC25C4A-F7ED-4329-B1FD-624E67DA09AA}.Debug|x86.ActiveCfg = Debug|Any CPU
		{4FC25C4A-F7ED-4329-B1FD-624E67DA09AA}.Debug|x86.Build.0 = Debug|Any CPU
		{4FC25C4A-F7ED-4329-B1FD-624E67DA09AA}.NetCore|Any CPU.ActiveCfg = NetCore|Any CPU
		{4FC25C4A-F7ED-4329-B1FD-624E67DA09AA}.NetCore|Any CPU.Build.0 = NetCore|Any CPU
		{4FC25C4A-F7ED-4329-B1FD-624E67DA09AA}.NetCore|x64.ActiveCfg = NetCore|Any CPU
		{4FC25C4A-F7ED-4329-B1FD-624E67DA09AA}.NetCore|x64.Build.0 = NetCore|Any CPU
		{4FC25C4A-F7ED-4329-B1FD-624E67DA09AA}.NetCore|x86.ActiveCfg = NetCore|Any CPU
		{4FC25C4A-F7ED-4329-B1FD-624E67DA09AA}.NetCore|x86.Build.0 = NetCore|Any CPU
		{4FC25C4A-F7ED-4329-B1FD-624E67DA09AA}.Release|Any CPU.ActiveCfg = Release|Any CPU
		{4FC25C4A-F7ED-4329-B1FD-624E67DA09AA}.Release|Any CPU.Build.0 = Release|Any CPU
		{4FC25C4A-F7ED-4329-B1FD-624E67DA09AA}.Release|x64.ActiveCfg = Release|Any CPU
		{4FC25C4A-F7ED-4329-B1FD-624E67DA09AA}.Release|x64.Build.0 = Release|Any CPU
		{4FC25C4A-F7ED-4329-B1FD-624E67DA09AA}.Release|x86.ActiveCfg = Release|Any CPU
		{4FC25C4A-F7ED-4329-B1FD-624E67DA09AA}.Release|x86.Build.0 = Release|Any CPU
		{C2C29219-4ED1-4197-85BB-BBD96286686F}.Debug|Any CPU.ActiveCfg = Debug|Any CPU
		{C2C29219-4ED1-4197-85BB-BBD96286686F}.Debug|Any CPU.Build.0 = Debug|Any CPU
		{C2C29219-4ED1-4197-85BB-BBD96286686F}.Debug|x64.ActiveCfg = Debug|x64
		{C2C29219-4ED1-4197-85BB-BBD96286686F}.Debug|x64.Build.0 = Debug|x64
		{C2C29219-4ED1-4197-85BB-BBD96286686F}.Debug|x86.ActiveCfg = Debug|x86
		{C2C29219-4ED1-4197-85BB-BBD96286686F}.Debug|x86.Build.0 = Debug|x86
		{C2C29219-4ED1-4197-85BB-BBD96286686F}.NetCore|Any CPU.ActiveCfg = NetCore|Any CPU
		{C2C29219-4ED1-4197-85BB-BBD96286686F}.NetCore|Any CPU.Build.0 = NetCore|Any CPU
		{C2C29219-4ED1-4197-85BB-BBD96286686F}.NetCore|x64.ActiveCfg = NetCore|x64
		{C2C29219-4ED1-4197-85BB-BBD96286686F}.NetCore|x64.Build.0 = NetCore|x64
		{C2C29219-4ED1-4197-85BB-BBD96286686F}.NetCore|x86.ActiveCfg = NetCore|x86
		{C2C29219-4ED1-4197-85BB-BBD96286686F}.NetCore|x86.Build.0 = NetCore|x86
		{C2C29219-4ED1-4197-85BB-BBD96286686F}.Release|Any CPU.ActiveCfg = Release|Any CPU
		{C2C29219-4ED1-4197-85BB-BBD96286686F}.Release|Any CPU.Build.0 = Release|Any CPU
		{C2C29219-4ED1-4197-85BB-BBD96286686F}.Release|x64.ActiveCfg = Release|x64
		{C2C29219-4ED1-4197-85BB-BBD96286686F}.Release|x64.Build.0 = Release|x64
		{C2C29219-4ED1-4197-85BB-BBD96286686F}.Release|x86.ActiveCfg = Release|x86
		{C2C29219-4ED1-4197-85BB-BBD96286686F}.Release|x86.Build.0 = Release|x86
		{49CE749E-05A9-4541-9A74-0540B4712454}.Debug|Any CPU.ActiveCfg = Debug|Any CPU
		{49CE749E-05A9-4541-9A74-0540B4712454}.Debug|Any CPU.Build.0 = Debug|Any CPU
		{49CE749E-05A9-4541-9A74-0540B4712454}.Debug|x64.ActiveCfg = Debug|Any CPU
		{49CE749E-05A9-4541-9A74-0540B4712454}.Debug|x64.Build.0 = Debug|Any CPU
		{49CE749E-05A9-4541-9A74-0540B4712454}.Debug|x86.ActiveCfg = Debug|Any CPU
		{49CE749E-05A9-4541-9A74-0540B4712454}.Debug|x86.Build.0 = Debug|Any CPU
		{49CE749E-05A9-4541-9A74-0540B4712454}.NetCore|Any CPU.ActiveCfg = NetCore|Any CPU
		{49CE749E-05A9-4541-9A74-0540B4712454}.NetCore|Any CPU.Build.0 = NetCore|Any CPU
		{49CE749E-05A9-4541-9A74-0540B4712454}.NetCore|x64.ActiveCfg = NetCore|Any CPU
		{49CE749E-05A9-4541-9A74-0540B4712454}.NetCore|x64.Build.0 = NetCore|Any CPU
		{49CE749E-05A9-4541-9A74-0540B4712454}.NetCore|x86.ActiveCfg = NetCore|Any CPU
		{49CE749E-05A9-4541-9A74-0540B4712454}.NetCore|x86.Build.0 = NetCore|Any CPU
		{49CE749E-05A9-4541-9A74-0540B4712454}.Release|Any CPU.ActiveCfg = Release|Any CPU
		{49CE749E-05A9-4541-9A74-0540B4712454}.Release|Any CPU.Build.0 = Release|Any CPU
		{49CE749E-05A9-4541-9A74-0540B4712454}.Release|x64.ActiveCfg = Release|Any CPU
		{49CE749E-05A9-4541-9A74-0540B4712454}.Release|x64.Build.0 = Release|Any CPU
		{49CE749E-05A9-4541-9A74-0540B4712454}.Release|x86.ActiveCfg = Release|Any CPU
		{49CE749E-05A9-4541-9A74-0540B4712454}.Release|x86.Build.0 = Release|Any CPU
		{0875C7B8-47A5-4CF5-A6CA-8B2367D87799}.Debug|Any CPU.ActiveCfg = Debug|Any CPU
		{0875C7B8-47A5-4CF5-A6CA-8B2367D87799}.Debug|Any CPU.Build.0 = Debug|Any CPU
		{0875C7B8-47A5-4CF5-A6CA-8B2367D87799}.Debug|x64.ActiveCfg = Debug|Any CPU
		{0875C7B8-47A5-4CF5-A6CA-8B2367D87799}.Debug|x64.Build.0 = Debug|Any CPU
		{0875C7B8-47A5-4CF5-A6CA-8B2367D87799}.Debug|x86.ActiveCfg = Debug|Any CPU
		{0875C7B8-47A5-4CF5-A6CA-8B2367D87799}.Debug|x86.Build.0 = Debug|Any CPU
		{0875C7B8-47A5-4CF5-A6CA-8B2367D87799}.NetCore|Any CPU.ActiveCfg = Release|Any CPU
		{0875C7B8-47A5-4CF5-A6CA-8B2367D87799}.NetCore|Any CPU.Build.0 = Release|Any CPU
		{0875C7B8-47A5-4CF5-A6CA-8B2367D87799}.NetCore|x64.ActiveCfg = Release|Any CPU
		{0875C7B8-47A5-4CF5-A6CA-8B2367D87799}.NetCore|x64.Build.0 = Release|Any CPU
		{0875C7B8-47A5-4CF5-A6CA-8B2367D87799}.NetCore|x86.ActiveCfg = Release|Any CPU
		{0875C7B8-47A5-4CF5-A6CA-8B2367D87799}.NetCore|x86.Build.0 = Release|Any CPU
		{0875C7B8-47A5-4CF5-A6CA-8B2367D87799}.Release|Any CPU.ActiveCfg = Release|Any CPU
		{0875C7B8-47A5-4CF5-A6CA-8B2367D87799}.Release|Any CPU.Build.0 = Release|Any CPU
		{0875C7B8-47A5-4CF5-A6CA-8B2367D87799}.Release|x64.ActiveCfg = Release|Any CPU
		{0875C7B8-47A5-4CF5-A6CA-8B2367D87799}.Release|x64.Build.0 = Release|Any CPU
		{0875C7B8-47A5-4CF5-A6CA-8B2367D87799}.Release|x86.ActiveCfg = Release|Any CPU
		{0875C7B8-47A5-4CF5-A6CA-8B2367D87799}.Release|x86.Build.0 = Release|Any CPU
	EndGlobalSection
	GlobalSection(SolutionProperties) = preSolution
		HideSolutionNode = FALSE
	EndGlobalSection
	GlobalSection(ExtensibilityGlobals) = postSolution
		SolutionGuid = {D905457C-5CCF-4F38-9428-197B6CD22A99}
	EndGlobalSection
EndGlobal
