
Microsoft Visual Studio Solution File, Format Version 12.00
# Visual Studio 15
VisualStudioVersion = 15.0.28307.705
MinimumVisualStudioVersion = 10.0.40219.1
Project("{FAE04EC0-301F-11D3-BF4B-00C04F79EFBC}") = "Tap.Sdk.MSBuild", "Msbuild\Tap.Sdk.MSBuild.csproj", "{BB764A6E-5086-43E8-AC63-463E27F20B60}"
EndProject
Global
	GlobalSection(SolutionConfigurationPlatforms) = preSolution
		Debug|x64 = Debug|x64
		Debug|x86 = Debug|x86
		Release|x64 = Release|x64
		Release|x86 = Release|x86
	EndGlobalSection
	GlobalSection(ProjectConfigurationPlatforms) = postSolution
		{BB764A6E-5086-43E8-AC63-463E27F20B60}.Debug|x64.ActiveCfg = Debug|x64
		{BB764A6E-5086-43E8-AC63-463E27F20B60}.Debug|x64.Build.0 = Debug|x64
		{BB764A6E-5086-43E8-AC63-463E27F20B60}.Debug|x86.ActiveCfg = Debug|x86
		{BB764A6E-5086-43E8-AC63-463E27F20B60}.Debug|x86.Build.0 = Debug|x86
		{BB764A6E-5086-43E8-AC63-463E27F20B60}.Release|x64.ActiveCfg = Release|x64
		{BB764A6E-5086-43E8-AC63-463E27F20B60}.Release|x64.Build.0 = Release|x64
		{BB764A6E-5086-43E8-AC63-463E27F20B60}.Release|x86.ActiveCfg = Release|x86
		{BB764A6E-5086-43E8-AC63-463E27F20B60}.Release|x86.Build.0 = Release|x86
	EndGlobalSection
	GlobalSection(SolutionProperties) = preSolution
		HideSolutionNode = FALSE
	EndGlobalSection
	GlobalSection(ExtensibilityGlobals) = postSolution
		SolutionGuid = {C13A7673-3CB7-4554-A3C7-CBF9F3FD19D8}
	EndGlobalSection
EndGlobal
